PODS:
  - FirebaseCore (5.0.0):
    - "GoogleToolboxForMac/NSData+zlib (~> 2.1)"
  - FirebaseDatabase (5.0.0):
    - FirebaseCore (~> 5.0)
    - leveldb-library (~> 1.18)
  - GoogleToolboxForMac/Defines (2.1.4)
  - "GoogleToolboxForMac/NSData+zlib (2.1.4)":
    - GoogleToolboxForMac/Defines (= 2.1.4)
  - leveldb-library (1.20)
  - Sourcery (0.13.1)

DEPENDENCIES:
  - FirebaseDatabase
  - Sourcery

SPEC REPOS:
  https://github.com/CocoaPods/Specs.git:
    - FirebaseCore
    - FirebaseDatabase
    - GoogleToolboxForMac
    - leveldb-library
    - Sourcery

SPEC CHECKSUMS:
  FirebaseCore: e46e4babb9de298fb2f736958edcc6da1dc60d73
  FirebaseDatabase: 697eb53e5b4fe7cd4fa8756c1f82a9fca011345f
  GoogleToolboxForMac: 91c824d21e85b31c2aae9bb011c5027c9b4e738f
  leveldb-library: 08cba283675b7ed2d99629a4bc5fd052cd2bb6a5
  Sourcery: 9ef51b8777516f204d82996441f293813158d0d7

PODFILE CHECKSUM: 587e6609e0455bf9fdca0694797a567755b6d662

COCOAPODS: 1.5.0
